// !$*UTF8*$!
{
	archiveVersion = 1;
	classes = {
	};
	objectVersion = 50;
	objects = {

/* Begin PBXBuildFile section */
		6A32491925093E0800802F43 /* 6. Radha-Gokulananda.jpg in Resources */ = {isa = PBXBuildFile; fileRef = 6A32491225093E0700802F43 /* 6. Radha-Gokulananda.jpg */; };
		6A32491A25093E0800802F43 /* 5. Radha-Ramana.jpg in Resources */ = {isa = PBXBuildFile; fileRef = 6A32491325093E0700802F43 /* 5. Radha-Ramana.jpg */; };
		6A32491B25093E0800802F43 /* 7. Radha Syamasundara.jpg in Resources */ = {isa = PBXBuildFile; fileRef = 6A32491425093E0700802F43 /* 7. Radha Syamasundara.jpg */; };
		6A32491C25093E0800802F43 /* 2. Radha-Govinda.jpg in Resources */ = {isa = PBXBuildFile; fileRef = 6A32491525093E0700802F43 /* 2. Radha-Govinda.jpg */; };
		6A32491D25093E0800802F43 /* 4. Radha-Damodara in Vrindavana.jpg in Resources */ = {isa = PBXBuildFile; fileRef = 6A32491625093E0800802F43 /* 4. Radha-Damodara in Vrindavana.jpg */; };
		6A32491E25093E0800802F43 /* 3. Radha Gopenatha in Vrindavana.jpg in Resources */ = {isa = PBXBuildFile; fileRef = 6A32491725093E0800802F43 /* 3. Radha Gopenatha in Vrindavana.jpg */; };
		6A32491F25093E0800802F43 /* 1. Radha-Madana-mohana temple.jpg in Resources */ = {isa = PBXBuildFile; fileRef = 6A32491825093E0800802F43 /* 1. Radha-Madana-mohana temple.jpg */; };
		6A32496325093FD700802F43 /* 47. Yugala Kisora Temple.jpg in Resources */ = {isa = PBXBuildFile; fileRef = 6A32492025093FBA00802F43 /* 47. Yugala Kisora Temple.jpg */; };
		6A32496425093FD700802F43 /* 60. Lal Babu Temple.jpg in Resources */ = {isa = PBXBuildFile; fileRef = 6A32492125093FBB00802F43 /* 60. Lal Babu Temple.jpg */; };
		6A32496525093FD700802F43 /* 16. Davanala-kunda.jpg in Resources */ = {isa = PBXBuildFile; fileRef = 6A32492225093FBB00802F43 /* 16. Davanala-kunda.jpg */; };
		6A32496625093FD700802F43 /* 8. Krsna-Balarama.jpg in Resources */ = {isa = PBXBuildFile; fileRef = 6A32492325093FBB00802F43 /* 8. Krsna-Balarama.jpg */; };
		6A32496725093FD700802F43 /* 36. Bankhandi Mahadeva.jpg in Resources */ = {isa = PBXBuildFile; fileRef = 6A32492425093FBC00802F43 /* 36. Bankhandi Mahadeva.jpg */; };
		6A32496825093FD700802F43 /* 77. Pani-ghata.jpg in Resources */ = {isa = PBXBuildFile; fileRef = 6A32492525093FBC00802F43 /* 77. Pani-ghata.jpg */; };
		6A32496925093FD700802F43 /* 58a. Kasisvara Pandita Gosvami.jpg in Resources */ = {isa = PBXBuildFile; fileRef = 6A32492625093FBC00802F43 /* 58a. Kasisvara Pandita Gosvami.jpg */; };
		6A32496A25093FD700802F43 /* 50. Kesi-ghata from Yamuna.jpg in Resources */ = {isa = PBXBuildFile; fileRef = 6A32492725093FBC00802F43 /* 50. Kesi-ghata from Yamuna.jpg */; };
		6A32496B25093FD700802F43 /* 18. Jaipur Temple.jpg in Resources */ = {isa = PBXBuildFile; fileRef = 6A32492825093FBD00802F43 /* 18. Jaipur Temple.jpg */; };
		6A32496C25093FD800802F43 /* 64. Radhakanta Temple of Gopala Guru Gosvami.jpg in Resources */ = {isa = PBXBuildFile; fileRef = 6A32492925093FBD00802F43 /* 64. Radhakanta Temple of Gopala Guru Gosvami.jpg */; };
		6A32496D25093FD800802F43 /* 42. The entrance to the Mirabai Temple.jpg in Resources */ = {isa = PBXBuildFile; fileRef = 6A32492A25093FBD00802F43 /* 42. The entrance to the Mirabai Temple.jpg */; };
		6A32496E25093FD800802F43 /* 54. Amiya Nimai Temple.jpg in Resources */ = {isa = PBXBuildFile; fileRef = 6A32492B25093FBE00802F43 /* 54. Amiya Nimai Temple.jpg */; };
		6A32496F25093FD800802F43 /* 29a. The Srimad-Bhagavatam of Raghunatha Bhatta  Gosvami, said to have been given to him by Lord Caitanya.jpg in Resources */ = {isa = PBXBuildFile; fileRef = 6A32492C25093FBE00802F43 /* 29a. The Srimad-Bhagavatam of Raghunatha Bhatta  Gosvami, said to have been given to him by Lord Caitanya.jpg */; };
		6A32497025093FD800802F43 /* 58. Ranganatha Temple.jpg in Resources */ = {isa = PBXBuildFile; fileRef = 6A32492D25093FBE00802F43 /* 58. Ranganatha Temple.jpg */; };
		6A32497125093FD800802F43 /* 52. Sriji Temple.jpg in Resources */ = {isa = PBXBuildFile; fileRef = 6A32492E25093FBF00802F43 /* 52. Sriji Temple.jpg */; };
		6A32497225093FD800802F43 /* 28. Lord Nrsimhadeva.jpg in Resources */ = {isa = PBXBuildFile; fileRef = 6A32492F25093FBF00802F43 /* 28. Lord Nrsimhadeva.jpg */; };
		6A32497325093FD800802F43 /* 62. Gopesvara Mahadeva Temple.jpg in Resources */ = {isa = PBXBuildFile; fileRef = 6A32493025093FBF00802F43 /* 62. Gopesvara Mahadeva Temple.jpg */; };
		6A32497425093FD800802F43 /* 35a. Sitanatha (Advaita Acarya, the husband of Sita) with Sita in the Sitanatha Temple.jpg in Resources */ = {isa = PBXBuildFile; fileRef = 6A32493125093FC000802F43 /* 35a. Sitanatha (Advaita Acarya, the husband of Sita) with Sita in the Sitanatha Temple.jpg */; };
		6A32497525093FD800802F43 /* 15. Prabodhananda Sarasvati's samadhi.jpg in Resources */ = {isa = PBXBuildFile; fileRef = 6A32493225093FC000802F43 /* 15. Prabodhananda Sarasvati's samadhi.jpg */; };
		6A32497625093FD800802F43 /* 45. The entrance to the Sadbhuja Mahaprabhu Temple.jpg in Resources */ = {isa = PBXBuildFile; fileRef = 6A32493325093FC000802F43 /* 45. The entrance to the Sadbhuja Mahaprabhu Temple.jpg */; };
		6A32497725093FD800802F43 /* 55. Bilvamangala Thakura’s Samadhi.jpg in Resources */ = {isa = PBXBuildFile; fileRef = 6A32493425093FC100802F43 /* 55. Bilvamangala Thakura’s Samadhi.jpg */; };
		6A32497825093FD800802F43 /* 69. Jnana  Gudri.jpg in Resources */ = {isa = PBXBuildFile; fileRef = 6A32493525093FC100802F43 /* 69. Jnana  Gudri.jpg */; };
		6A32497925093FD800802F43 /* 43. The entrance to the Shahji Temple.jpg in Resources */ = {isa = PBXBuildFile; fileRef = 6A32493625093FC100802F43 /* 43. The entrance to the Shahji Temple.jpg */; };
		6A32497A25093FD800802F43 /* 53. Sona Gauranga Temple.jpg in Resources */ = {isa = PBXBuildFile; fileRef = 6A32493725093FC200802F43 /* 53. Sona Gauranga Temple.jpg */; };
		6A32497B25093FD800802F43 /* 71. Tekari Rani Temple.jpg in Resources */ = {isa = PBXBuildFile; fileRef = 6A32493825093FC200802F43 /* 71. Tekari Rani Temple.jpg */; };
		6A32497C25093FD800802F43 /* 48. Cira-ghata.jpg in Resources */ = {isa = PBXBuildFile; fileRef = 6A32493925093FC300802F43 /* 48. Cira-ghata.jpg */; };
		6A32497D25093FD800802F43 /* 35. Murari Gupta Gaura-Nitai Deities.jpg in Resources */ = {isa = PBXBuildFile; fileRef = 6A32493A25093FC600802F43 /* 35. Murari Gupta Gaura-Nitai Deities.jpg */; };
		6A32497E25093FD800802F43 /* 59. Brahma-kunda.jpg in Resources */ = {isa = PBXBuildFile; fileRef = 6A32493B25093FCA00802F43 /* 59. Brahma-kunda.jpg */; };
		6A32497F25093FD800802F43 /* 20. Kaliya Mardana Temple.jpg in Resources */ = {isa = PBXBuildFile; fileRef = 6A32493C25093FCB00802F43 /* 20. Kaliya Mardana Temple.jpg */; };
		6A32498025093FD800802F43 /* 34. Paurnamasi devi.jpg in Resources */ = {isa = PBXBuildFile; fileRef = 6A32493D25093FCB00802F43 /* 34. Paurnamasi devi.jpg */; };
		6A32498125093FD800802F43 /* 82. Akrura-ghata.jpg in Resources */ = {isa = PBXBuildFile; fileRef = 6A32493E25093FCC00802F43 /* 82. Akrura-ghata.jpg */; };
		6A32498225093FD800802F43 /* 79. Raja-ghata.jpg in Resources */ = {isa = PBXBuildFile; fileRef = 6A32493F25093FCC00802F43 /* 79. Raja-ghata.jpg */; };
		6A32498325093FD800802F43 /* 14. The Deities at Kallya-ghata.jpg in Resources */ = {isa = PBXBuildFile; fileRef = 6A32494025093FCD00802F43 /* 14. The Deities at Kallya-ghata.jpg */; };
		6A32498425093FD800802F43 /* 19. Taras Temple.jpg in Resources */ = {isa = PBXBuildFile; fileRef = 6A32494125093FCD00802F43 /* 19. Taras Temple.jpg */; };
		6A32498625093FD800802F43 /* 10 and 12. The altar at the Varaha Temple.jpg in Resources */ = {isa = PBXBuildFile; fileRef = 6A32494325093FCD00802F43 /* 10 and 12. The altar at the Varaha Temple.jpg */; };
		6A32498725093FD800802F43 /* 72. Sudama Kuti.jpg in Resources */ = {isa = PBXBuildFile; fileRef = 6A32494425093FCE00802F43 /* 72. Sudama Kuti.jpg */; };
		6A32498825093FD800802F43 /* 24. The entrance at Advaita Vata.jpg in Resources */ = {isa = PBXBuildFile; fileRef = 6A32494525093FCE00802F43 /* 24. The entrance at Advaita Vata.jpg */; };
		6A32498925093FD800802F43 /* 80. Caitanya Visrama Sthali.jpg in Resources */ = {isa = PBXBuildFile; fileRef = 6A32494625093FCF00802F43 /* 80. Caitanya Visrama Sthali.jpg */; };
		6A32498A25093FD800802F43 /* 44. Govinda-ghata.jpg in Resources */ = {isa = PBXBuildFile; fileRef = 6A32494725093FCF00802F43 /* 44. Govinda-ghata.jpg */; };
		6A32498B25093FD800802F43 /* 57. The 64 Samadhis Garden.jpg in Resources */ = {isa = PBXBuildFile; fileRef = 6A32494825093FCF00802F43 /* 57. The 64 Samadhis Garden.jpg */; };
		6A32498C25093FD800802F43 /* 68. Yugala-Kisora Temple.jpg in Resources */ = {isa = PBXBuildFile; fileRef = 6A32494925093FCF00802F43 /* 68. Yugala-Kisora Temple.jpg */; };
		6A32498D25093FD800802F43 /* 9. Krsna-Balarama Tree.jpg in Resources */ = {isa = PBXBuildFile; fileRef = 6A32494A25093FD000802F43 /* 9. Krsna-Balarama Tree.jpg */; };
		6A32498E25093FD800802F43 /* 66. Radha-Syamaraya Temple.jpg in Resources */ = {isa = PBXBuildFile; fileRef = 6A32494B25093FD000802F43 /* 66. Radha-Syamaraya Temple.jpg */; };
		6A32498F25093FD800802F43 /* 70. Radha-Braja-mohana Temple.jpg in Resources */ = {isa = PBXBuildFile; fileRef = 6A32494C25093FD100802F43 /* 70. Radha-Braja-mohana Temple.jpg */; };
		6A32499025093FD800802F43 /* 74. The entrance to the Jagannatha-ghata Temple.jpg in Resources */ = {isa = PBXBuildFile; fileRef = 6A32494D25093FD100802F43 /* 74. The entrance to the Jagannatha-ghata Temple.jpg */; };
		6A32499125093FD800802F43 /* 27. Radha-Vallabha Temple.jpg in Resources */ = {isa = PBXBuildFile; fileRef = 6A32494E25093FD100802F43 /* 27. Radha-Vallabha Temple.jpg */; };
		6A32499225093FD800802F43 /* 76. Rangaji Gardens.jpg in Resources */ = {isa = PBXBuildFile; fileRef = 6A32494F25093FD200802F43 /* 76. Rangaji Gardens.jpg */; };
		6A32499325093FD800802F43 /* 73. Deity of Lord Rama at the Tulasi Rama Temple.jpg in Resources */ = {isa = PBXBuildFile; fileRef = 6A32495025093FD200802F43 /* 73. Deity of Lord Rama at the Tulasi Rama Temple.jpg */; };
		6A32499425093FD800802F43 /* 29. Bhattaji Temple.jpg in Resources */ = {isa = PBXBuildFile; fileRef = 6A32495125093FD200802F43 /* 29. Bhattaji Temple.jpg */; };
		6A32499525093FD800802F43 /* 56. Govinda-kunda.jpg in Resources */ = {isa = PBXBuildFile; fileRef = 6A32495225093FD200802F43 /* 56. Govinda-kunda.jpg */; };
		6A32499625093FD800802F43 /* 75. Katyayani Temple.jpg in Resources */ = {isa = PBXBuildFile; fileRef = 6A32495325093FD300802F43 /* 75. Katyayani Temple.jpg */; };
		6A32499725093FD800802F43 /* 41. The entrance  Jaru Mandala.jpg in Resources */ = {isa = PBXBuildFile; fileRef = 6A32495425093FD300802F43 /* 41. The entrance  Jaru Mandala.jpg */; };
		6A32499825093FD800802F43 /* 21. Gopala-ghata. Radha Madan-gopala at Advaita Vata.jpg in Resources */ = {isa = PBXBuildFile; fileRef = 6A32495525093FD300802F43 /* 21. Gopala-ghata. Radha Madan-gopala at Advaita Vata.jpg */; };
		6A32499925093FD800802F43 /* 32. Imli Tala.jpg in Resources */ = {isa = PBXBuildFile; fileRef = 6A32495625093FD400802F43 /* 32. Imli Tala.jpg */; };
		6A32499A25093FD800802F43 /* 63. Vamsivata.jpg in Resources */ = {isa = PBXBuildFile; fileRef = 6A32495725093FD400802F43 /* 63. Vamsivata.jpg */; };
		6A32499B25093FD800802F43 /* 17. Visrama-kunda.jpg in Resources */ = {isa = PBXBuildFile; fileRef = 6A32495825093FD400802F43 /* 17. Visrama-kunda.jpg */; };
		6A32499C25093FD800802F43 /* 81. Batharan Bihari Temple.jpg in Resources */ = {isa = PBXBuildFile; fileRef = 6A32495925093FD500802F43 /* 81. Batharan Bihari Temple.jpg */; };
		6A32499D25093FD800802F43 /* 38. The entrance to the Salagrama Temple.jpg in Resources */ = {isa = PBXBuildFile; fileRef = 6A32495A25093FD500802F43 /* 38. The entrance to the Salagrama Temple.jpg */; };
		6A32499E25093FD800802F43 /* 25. Asta-sakhi Temple.jpg in Resources */ = {isa = PBXBuildFile; fileRef = 6A32495B25093FD500802F43 /* 25. Asta-sakhi Temple.jpg */; };
		6A32499F25093FD800802F43 /* 33. Kisori-kunja and Seva-kunja.jpg in Resources */ = {isa = PBXBuildFile; fileRef = 6A32495C25093FD600802F43 /* 33. Kisori-kunja and Seva-kunja.jpg */; };
		6A3249A025093FD800802F43 /* 46. The entrance to the Vamsi Gopala Temple.jpg in Resources */ = {isa = PBXBuildFile; fileRef = 6A32495D25093FD600802F43 /* 46. The entrance to the Vamsi Gopala Temple.jpg */; };
		6A3249A125093FD800802F43 /* 61. Radha Gopala Temple.jpg in Resources */ = {isa = PBXBuildFile; fileRef = 6A32495E25093FD600802F43 /* 61. Radha Gopala Temple.jpg */; };
		6A3249A225093FD800802F43 /* 13. Mohana Ter-ghata.jpg in Resources */ = {isa = PBXBuildFile; fileRef = 6A32495F25093FD600802F43 /* 13. Mohana Ter-ghata.jpg */; };
		6A3249A325093FD800802F43 /* 26. Bankebihari Temple.jpg in Resources */ = {isa = PBXBuildFile; fileRef = 6A32496025093FD700802F43 /* 26. Bankebihari Temple.jpg */; };
		6A3249A425093FD800802F43 /* 65. Srinivasa Acarya's Samadhi.jpg in Resources */ = {isa = PBXBuildFile; fileRef = 6A32496125093FD700802F43 /* 65. Srinivasa Acarya's Samadhi.jpg */; };
		6A3249A525093FD800802F43 /* 51. The entrance to Nidhuvana.jpg in Resources */ = {isa = PBXBuildFile; fileRef = 6A32496225093FD700802F43 /* 51. The entrance to Nidhuvana.jpg */; };
		6A6B671F25A773B7002F08FD /* 37. Andhera-ghata.jpg in Resources */ = {isa = PBXBuildFile; fileRef = 6A6B671E25A773B7002F08FD /* 37. Andhera-ghata.jpg */; };
		6A6B672225A77552002F08FD /* 39. Syamananda Tilaka Sthana and Samadhe.jpg in Resources */ = {isa = PBXBuildFile; fileRef = 6A6B672125A77552002F08FD /* 39. Syamananda Tilaka Sthana and Samadhe.jpg */; };
		6A6B672525A776DF002F08FD /* 40. Srngara Vata or Nityananda Vata.jpg in Resources */ = {isa = PBXBuildFile; fileRef = 6A6B672425A776DF002F08FD /* 40. Srngara Vata or Nityananda Vata.jpg */; };
		6A6B672825A777DB002F08FD /* 83. Gadadhara Dant Samadhi.jpg in Resources */ = {isa = PBXBuildFile; fileRef = 6A6B672725A777DB002F08FD /* 83. Gadadhara Dant Samadhi.jpg */; };
		6A6B672B25A77980002F08FD /* 67. Dhira Samira-ghata.jpg in Resources */ = {isa = PBXBuildFile; fileRef = 6A6B672A25A77980002F08FD /* 67. Dhira Samira-ghata.jpg */; };
		B7394866229F194000C47603 /* AppDelegate.swift in Sources */ = {isa = PBXBuildFile; fileRef = B7394865229F194000C47603 /* AppDelegate.swift */; };
		B7394868229F194000C47603 /* SceneDelegate.swift in Sources */ = {isa = PBXBuildFile; fileRef = B7394867229F194000C47603 /* SceneDelegate.swift */; };
		B739486A229F194000C47603 /* LandmarkDetail.swift in Sources */ = {isa = PBXBuildFile; fileRef = B7394869229F194000C47603 /* LandmarkDetail.swift */; };
		B739486C229F194200C47603 /* Assets.xcassets in Resources */ = {isa = PBXBuildFile; fileRef = B739486B229F194200C47603 /* Assets.xcassets */; };
		B739486F229F194200C47603 /* Preview Assets.xcassets in Resources */ = {isa = PBXBuildFile; fileRef = B739486E229F194200C47603 /* Preview Assets.xcassets */; };
		B7394872229F194200C47603 /* LaunchScreen.storyboard in Resources */ = {isa = PBXBuildFile; fileRef = B7394870229F194200C47603 /* LaunchScreen.storyboard */; };
		B739487A229F1B3F00C47603 /* CircleImage.swift in Sources */ = {isa = PBXBuildFile; fileRef = B7394879229F1B3F00C47603 /* CircleImage.swift */; };
		B739487C229F1B6800C47603 /* MapView.swift in Sources */ = {isa = PBXBuildFile; fileRef = B739487B229F1B6800C47603 /* MapView.swift */; };
		B7394881229F28B900C47603 /* Landmark.swift in Sources */ = {isa = PBXBuildFile; fileRef = B739487F229F28B900C47603 /* Landmark.swift */; };
		B7394882229F28B900C47603 /* Data.swift in Sources */ = {isa = PBXBuildFile; fileRef = B7394880229F28B900C47603 /* Data.swift */; };
		B7394891229F292F00C47603 /* rainbowlake.jpg in Resources */ = {isa = PBXBuildFile; fileRef = B7394884229F292D00C47603 /* rainbowlake.jpg */; };
		B7394892229F292F00C47603 /* yukon_charleyrivers.jpg in Resources */ = {isa = PBXBuildFile; fileRef = B7394885229F292D00C47603 /* yukon_charleyrivers.jpg */; };
		B7394893229F292F00C47603 /* icybay.jpg in Resources */ = {isa = PBXBuildFile; fileRef = B7394886229F292E00C47603 /* icybay.jpg */; };
		B7394894229F292F00C47603 /* lakemcdonald.jpg in Resources */ = {isa = PBXBuildFile; fileRef = B7394887229F292E00C47603 /* lakemcdonald.jpg */; };
		B7394895229F292F00C47603 /* turtlerock.jpg in Resources */ = {isa = PBXBuildFile; fileRef = B7394888229F292E00C47603 /* turtlerock.jpg */; };
		B7394896229F292F00C47603 /* umbagog.jpg in Resources */ = {isa = PBXBuildFile; fileRef = B7394889229F292E00C47603 /* umbagog.jpg */; };
		B7394897229F292F00C47603 /* hiddenlake.jpg in Resources */ = {isa = PBXBuildFile; fileRef = B739488A229F292E00C47603 /* hiddenlake.jpg */; };
		B7394898229F292F00C47603 /* stmarylake.jpg in Resources */ = {isa = PBXBuildFile; fileRef = B739488B229F292E00C47603 /* stmarylake.jpg */; };
		B7394899229F292F00C47603 /* twinlake.jpg in Resources */ = {isa = PBXBuildFile; fileRef = B739488C229F292E00C47603 /* twinlake.jpg */; };
		B739489A229F292F00C47603 /* silversalmoncreek.jpg in Resources */ = {isa = PBXBuildFile; fileRef = B739488D229F292E00C47603 /* silversalmoncreek.jpg */; };
		B739489B229F292F00C47603 /* landmarkData.json in Resources */ = {isa = PBXBuildFile; fileRef = B739488E229F292E00C47603 /* landmarkData.json */; };
		B739489C229F292F00C47603 /* chincoteague.jpg in Resources */ = {isa = PBXBuildFile; fileRef = B739488F229F292F00C47603 /* chincoteague.jpg */; };
		B739489D229F292F00C47603 /* chilkoottrail.jpg in Resources */ = {isa = PBXBuildFile; fileRef = B7394890229F292F00C47603 /* chilkoottrail.jpg */; };
		B739489F229F2D9700C47603 /* LandmarkRow.swift in Sources */ = {isa = PBXBuildFile; fileRef = B739489E229F2D9700C47603 /* LandmarkRow.swift */; };
		B73948A1229F2E1F00C47603 /* LandmarkList.swift in Sources */ = {isa = PBXBuildFile; fileRef = B73948A0229F2E1F00C47603 /* LandmarkList.swift */; };
/* End PBXBuildFile section */

/* Begin PBXFileReference section */
		32C0591524A7452A1B7C1DE3 /* LICENSE.txt */ = {isa = PBXFileReference; includeInIndex = 1; lastKnownFileType = text; path = LICENSE.txt; sourceTree = "<group>"; };
		6A32491225093E0700802F43 /* 6. Radha-Gokulananda.jpg */ = {isa = PBXFileReference; lastKnownFileType = image.jpeg; path = "6. Radha-Gokulananda.jpg"; sourceTree = "<group>"; };
		6A32491325093E0700802F43 /* 5. Radha-Ramana.jpg */ = {isa = PBXFileReference; lastKnownFileType = image.jpeg; path = "5. Radha-Ramana.jpg"; sourceTree = "<group>"; };
		6A32491425093E0700802F43 /* 7. Radha Syamasundara.jpg */ = {isa = PBXFileReference; lastKnownFileType = image.jpeg; path = "7. Radha Syamasundara.jpg"; sourceTree = "<group>"; };
		6A32491525093E0700802F43 /* 2. Radha-Govinda.jpg */ = {isa = PBXFileReference; lastKnownFileType = image.jpeg; path = "2. Radha-Govinda.jpg"; sourceTree = "<group>"; };
		6A32491625093E0800802F43 /* 4. Radha-Damodara in Vrindavana.jpg */ = {isa = PBXFileReference; lastKnownFileType = image.jpeg; path = "4. Radha-Damodara in Vrindavana.jpg"; sourceTree = "<group>"; };
		6A32491725093E0800802F43 /* 3. Radha Gopenatha in Vrindavana.jpg */ = {isa = PBXFileReference; lastKnownFileType = image.jpeg; path = "3. Radha Gopenatha in Vrindavana.jpg"; sourceTree = "<group>"; };
		6A32491825093E0800802F43 /* 1. Radha-Madana-mohana temple.jpg */ = {isa = PBXFileReference; lastKnownFileType = image.jpeg; path = "1. Radha-Madana-mohana temple.jpg"; sourceTree = "<group>"; };
		6A32492025093FBA00802F43 /* 47. Yugala Kisora Temple.jpg */ = {isa = PBXFileReference; lastKnownFileType = image.jpeg; path = "47. Yugala Kisora Temple.jpg"; sourceTree = "<group>"; };
		6A32492125093FBB00802F43 /* 60. Lal Babu Temple.jpg */ = {isa = PBXFileReference; lastKnownFileType = image.jpeg; path = "60. Lal Babu Temple.jpg"; sourceTree = "<group>"; };
		6A32492225093FBB00802F43 /* 16. Davanala-kunda.jpg */ = {isa = PBXFileReference; lastKnownFileType = image.jpeg; path = "16. Davanala-kunda.jpg"; sourceTree = "<group>"; };
		6A32492325093FBB00802F43 /* 8. Krsna-Balarama.jpg */ = {isa = PBXFileReference; lastKnownFileType = image.jpeg; path = "8. Krsna-Balarama.jpg"; sourceTree = "<group>"; };
		6A32492425093FBC00802F43 /* 36. Bankhandi Mahadeva.jpg */ = {isa = PBXFileReference; lastKnownFileType = image.jpeg; path = "36. Bankhandi Mahadeva.jpg"; sourceTree = "<group>"; };
		6A32492525093FBC00802F43 /* 77. Pani-ghata.jpg */ = {isa = PBXFileReference; lastKnownFileType = image.jpeg; path = "77. Pani-ghata.jpg"; sourceTree = "<group>"; };
		6A32492625093FBC00802F43 /* 58a. Kasisvara Pandita Gosvami.jpg */ = {isa = PBXFileReference; lastKnownFileType = image.jpeg; path = "58a. Kasisvara Pandita Gosvami.jpg"; sourceTree = "<group>"; };
		6A32492725093FBC00802F43 /* 50. Kesi-ghata from Yamuna.jpg */ = {isa = PBXFileReference; lastKnownFileType = image.jpeg; path = "50. Kesi-ghata from Yamuna.jpg"; sourceTree = "<group>"; };
		6A32492825093FBD00802F43 /* 18. Jaipur Temple.jpg */ = {isa = PBXFileReference; lastKnownFileType = image.jpeg; path = "18. Jaipur Temple.jpg"; sourceTree = "<group>"; };
		6A32492925093FBD00802F43 /* 64. Radhakanta Temple of Gopala Guru Gosvami.jpg */ = {isa = PBXFileReference; lastKnownFileType = image.jpeg; path = "64. Radhakanta Temple of Gopala Guru Gosvami.jpg"; sourceTree = "<group>"; };
		6A32492A25093FBD00802F43 /* 42. The entrance to the Mirabai Temple.jpg */ = {isa = PBXFileReference; lastKnownFileType = image.jpeg; path = "42. The entrance to the Mirabai Temple.jpg"; sourceTree = "<group>"; };
		6A32492B25093FBE00802F43 /* 54. Amiya Nimai Temple.jpg */ = {isa = PBXFileReference; lastKnownFileType = image.jpeg; path = "54. Amiya Nimai Temple.jpg"; sourceTree = "<group>"; };
		6A32492C25093FBE00802F43 /* 29a. The Srimad-Bhagavatam of Raghunatha Bhatta  Gosvami, said to have been given to him by Lord Caitanya.jpg */ = {isa = PBXFileReference; lastKnownFileType = image.jpeg; path = "29a. The Srimad-Bhagavatam of Raghunatha Bhatta  Gosvami, said to have been given to him by Lord Caitanya.jpg"; sourceTree = "<group>"; };
		6A32492D25093FBE00802F43 /* 58. Ranganatha Temple.jpg */ = {isa = PBXFileReference; lastKnownFileType = image.jpeg; path = "58. Ranganatha Temple.jpg"; sourceTree = "<group>"; };
		6A32492E25093FBF00802F43 /* 52. Sriji Temple.jpg */ = {isa = PBXFileReference; lastKnownFileType = image.jpeg; path = "52. Sriji Temple.jpg"; sourceTree = "<group>"; };
		6A32492F25093FBF00802F43 /* 28. Lord Nrsimhadeva.jpg */ = {isa = PBXFileReference; lastKnownFileType = image.jpeg; path = "28. Lord Nrsimhadeva.jpg"; sourceTree = "<group>"; };
		6A32493025093FBF00802F43 /* 62. Gopesvara Mahadeva Temple.jpg */ = {isa = PBXFileReference; lastKnownFileType = image.jpeg; path = "62. Gopesvara Mahadeva Temple.jpg"; sourceTree = "<group>"; };
		6A32493125093FC000802F43 /* 35a. Sitanatha (Advaita Acarya, the husband of Sita) with Sita in the Sitanatha Temple.jpg */ = {isa = PBXFileReference; lastKnownFileType = image.jpeg; path = "35a. Sitanatha (Advaita Acarya, the husband of Sita) with Sita in the Sitanatha Temple.jpg"; sourceTree = "<group>"; };
		6A32493225093FC000802F43 /* 15. Prabodhananda Sarasvati's samadhi.jpg */ = {isa = PBXFileReference; lastKnownFileType = image.jpeg; path = "15. Prabodhananda Sarasvati's samadhi.jpg"; sourceTree = "<group>"; };
		6A32493325093FC000802F43 /* 45. The entrance to the Sadbhuja Mahaprabhu Temple.jpg */ = {isa = PBXFileReference; lastKnownFileType = image.jpeg; path = "45. The entrance to the Sadbhuja Mahaprabhu Temple.jpg"; sourceTree = "<group>"; };
		6A32493425093FC100802F43 /* 55. Bilvamangala Thakura’s Samadhi.jpg */ = {isa = PBXFileReference; lastKnownFileType = image.jpeg; path = "55. Bilvamangala Thakura’s Samadhi.jpg"; sourceTree = "<group>"; };
		6A32493525093FC100802F43 /* 69. Jnana  Gudri.jpg */ = {isa = PBXFileReference; lastKnownFileType = image.jpeg; path = "69. Jnana  Gudri.jpg"; sourceTree = "<group>"; };
		6A32493625093FC100802F43 /* 43. The entrance to the Shahji Temple.jpg */ = {isa = PBXFileReference; lastKnownFileType = image.jpeg; path = "43. The entrance to the Shahji Temple.jpg"; sourceTree = "<group>"; };
		6A32493725093FC200802F43 /* 53. Sona Gauranga Temple.jpg */ = {isa = PBXFileReference; lastKnownFileType = image.jpeg; path = "53. Sona Gauranga Temple.jpg"; sourceTree = "<group>"; };
		6A32493825093FC200802F43 /* 71. Tekari Rani Temple.jpg */ = {isa = PBXFileReference; lastKnownFileType = image.jpeg; path = "71. Tekari Rani Temple.jpg"; sourceTree = "<group>"; };
		6A32493925093FC300802F43 /* 48. Cira-ghata.jpg */ = {isa = PBXFileReference; lastKnownFileType = image.jpeg; path = "48. Cira-ghata.jpg"; sourceTree = "<group>"; };
		6A32493A25093FC600802F43 /* 35. Murari Gupta Gaura-Nitai Deities.jpg */ = {isa = PBXFileReference; lastKnownFileType = image.jpeg; path = "35. Murari Gupta Gaura-Nitai Deities.jpg"; sourceTree = "<group>"; };
		6A32493B25093FCA00802F43 /* 59. Brahma-kunda.jpg */ = {isa = PBXFileReference; lastKnownFileType = image.jpeg; path = "59. Brahma-kunda.jpg"; sourceTree = "<group>"; };
		6A32493C25093FCB00802F43 /* 20. Kaliya Mardana Temple.jpg */ = {isa = PBXFileReference; lastKnownFileType = image.jpeg; path = "20. Kaliya Mardana Temple.jpg"; sourceTree = "<group>"; };
		6A32493D25093FCB00802F43 /* 34. Paurnamasi devi.jpg */ = {isa = PBXFileReference; lastKnownFileType = image.jpeg; path = "34. Paurnamasi devi.jpg"; sourceTree = "<group>"; };
		6A32493E25093FCC00802F43 /* 82. Akrura-ghata.jpg */ = {isa = PBXFileReference; lastKnownFileType = image.jpeg; path = "82. Akrura-ghata.jpg"; sourceTree = "<group>"; };
		6A32493F25093FCC00802F43 /* 79. Raja-ghata.jpg */ = {isa = PBXFileReference; lastKnownFileType = image.jpeg; path = "79. Raja-ghata.jpg"; sourceTree = "<group>"; };
		6A32494025093FCD00802F43 /* 14. The Deities at Kallya-ghata.jpg */ = {isa = PBXFileReference; lastKnownFileType = image.jpeg; path = "14. The Deities at Kallya-ghata.jpg"; sourceTree = "<group>"; };
		6A32494125093FCD00802F43 /* 19. Taras Temple.jpg */ = {isa = PBXFileReference; lastKnownFileType = image.jpeg; path = "19. Taras Temple.jpg"; sourceTree = "<group>"; };
		6A32494325093FCD00802F43 /* 10 and 12. The altar at the Varaha Temple.jpg */ = {isa = PBXFileReference; lastKnownFileType = image.jpeg; path = "10 and 12. The altar at the Varaha Temple.jpg"; sourceTree = "<group>"; };
		6A32494425093FCE00802F43 /* 72. Sudama Kuti.jpg */ = {isa = PBXFileReference; lastKnownFileType = image.jpeg; path = "72. Sudama Kuti.jpg"; sourceTree = "<group>"; };
		6A32494525093FCE00802F43 /* 24. The entrance at Advaita Vata.jpg */ = {isa = PBXFileReference; lastKnownFileType = image.jpeg; path = "24. The entrance at Advaita Vata.jpg"; sourceTree = "<group>"; };
		6A32494625093FCF00802F43 /* 80. Caitanya Visrama Sthali.jpg */ = {isa = PBXFileReference; lastKnownFileType = image.jpeg; path = "80. Caitanya Visrama Sthali.jpg"; sourceTree = "<group>"; };
		6A32494725093FCF00802F43 /* 44. Govinda-ghata.jpg */ = {isa = PBXFileReference; lastKnownFileType = image.jpeg; path = "44. Govinda-ghata.jpg"; sourceTree = "<group>"; };
		6A32494825093FCF00802F43 /* 57. The 64 Samadhis Garden.jpg */ = {isa = PBXFileReference; lastKnownFileType = image.jpeg; path = "57. The 64 Samadhis Garden.jpg"; sourceTree = "<group>"; };
		6A32494925093FCF00802F43 /* 68. Yugala-Kisora Temple.jpg */ = {isa = PBXFileReference; lastKnownFileType = image.jpeg; path = "68. Yugala-Kisora Temple.jpg"; sourceTree = "<group>"; };
		6A32494A25093FD000802F43 /* 9. Krsna-Balarama Tree.jpg */ = {isa = PBXFileReference; lastKnownFileType = image.jpeg; path = "9. Krsna-Balarama Tree.jpg"; sourceTree = "<group>"; };
		6A32494B25093FD000802F43 /* 66. Radha-Syamaraya Temple.jpg */ = {isa = PBXFileReference; lastKnownFileType = image.jpeg; path = "66. Radha-Syamaraya Temple.jpg"; sourceTree = "<group>"; };
		6A32494C25093FD100802F43 /* 70. Radha-Braja-mohana Temple.jpg */ = {isa = PBXFileReference; lastKnownFileType = image.jpeg; path = "70. Radha-Braja-mohana Temple.jpg"; sourceTree = "<group>"; };
		6A32494D25093FD100802F43 /* 74. The entrance to the Jagannatha-ghata Temple.jpg */ = {isa = PBXFileReference; lastKnownFileType = image.jpeg; path = "74. The entrance to the Jagannatha-ghata Temple.jpg"; sourceTree = "<group>"; };
		6A32494E25093FD100802F43 /* 27. Radha-Vallabha Temple.jpg */ = {isa = PBXFileReference; lastKnownFileType = image.jpeg; path = "27. Radha-Vallabha Temple.jpg"; sourceTree = "<group>"; };
		6A32494F25093FD200802F43 /* 76. Rangaji Gardens.jpg */ = {isa = PBXFileReference; lastKnownFileType = image.jpeg; path = "76. Rangaji Gardens.jpg"; sourceTree = "<group>"; };
		6A32495025093FD200802F43 /* 73. Deity of Lord Rama at the Tulasi Rama Temple.jpg */ = {isa = PBXFileReference; lastKnownFileType = image.jpeg; path = "73. Deity of Lord Rama at the Tulasi Rama Temple.jpg"; sourceTree = "<group>"; };
		6A32495125093FD200802F43 /* 29. Bhattaji Temple.jpg */ = {isa = PBXFileReference; lastKnownFileType = image.jpeg; path = "29. Bhattaji Temple.jpg"; sourceTree = "<group>"; };
		6A32495225093FD200802F43 /* 56. Govinda-kunda.jpg */ = {isa = PBXFileReference; lastKnownFileType = image.jpeg; path = "56. Govinda-kunda.jpg"; sourceTree = "<group>"; };
		6A32495325093FD300802F43 /* 75. Katyayani Temple.jpg */ = {isa = PBXFileReference; lastKnownFileType = image.jpeg; path = "75. Katyayani Temple.jpg"; sourceTree = "<group>"; };
		6A32495425093FD300802F43 /* 41. The entrance  Jaru Mandala.jpg */ = {isa = PBXFileReference; lastKnownFileType = image.jpeg; path = "41. The entrance  Jaru Mandala.jpg"; sourceTree = "<group>"; };
		6A32495525093FD300802F43 /* 21. Gopala-ghata. Radha Madan-gopala at Advaita Vata.jpg */ = {isa = PBXFileReference; lastKnownFileType = image.jpeg; path = "21. Gopala-ghata. Radha Madan-gopala at Advaita Vata.jpg"; sourceTree = "<group>"; };
		6A32495625093FD400802F43 /* 32. Imli Tala.jpg */ = {isa = PBXFileReference; lastKnownFileType = image.jpeg; path = "32. Imli Tala.jpg"; sourceTree = "<group>"; };
		6A32495725093FD400802F43 /* 63. Vamsivata.jpg */ = {isa = PBXFileReference; lastKnownFileType = image.jpeg; path = "63. Vamsivata.jpg"; sourceTree = "<group>"; };
		6A32495825093FD400802F43 /* 17. Visrama-kunda.jpg */ = {isa = PBXFileReference; lastKnownFileType = image.jpeg; path = "17. Visrama-kunda.jpg"; sourceTree = "<group>"; };
		6A32495925093FD500802F43 /* 81. Batharan Bihari Temple.jpg */ = {isa = PBXFileReference; lastKnownFileType = image.jpeg; path = "81. Batharan Bihari Temple.jpg"; sourceTree = "<group>"; };
		6A32495A25093FD500802F43 /* 38. The entrance to the Salagrama Temple.jpg */ = {isa = PBXFileReference; lastKnownFileType = image.jpeg; path = "38. The entrance to the Salagrama Temple.jpg"; sourceTree = "<group>"; };
		6A32495B25093FD500802F43 /* 25. Asta-sakhi Temple.jpg */ = {isa = PBXFileReference; lastKnownFileType = image.jpeg; path = "25. Asta-sakhi Temple.jpg"; sourceTree = "<group>"; };
		6A32495C25093FD600802F43 /* 33. Kisori-kunja and Seva-kunja.jpg */ = {isa = PBXFileReference; lastKnownFileType = image.jpeg; path = "33. Kisori-kunja and Seva-kunja.jpg"; sourceTree = "<group>"; };
		6A32495D25093FD600802F43 /* 46. The entrance to the Vamsi Gopala Temple.jpg */ = {isa = PBXFileReference; lastKnownFileType = image.jpeg; path = "46. The entrance to the Vamsi Gopala Temple.jpg"; sourceTree = "<group>"; };
		6A32495E25093FD600802F43 /* 61. Radha Gopala Temple.jpg */ = {isa = PBXFileReference; lastKnownFileType = image.jpeg; path = "61. Radha Gopala Temple.jpg"; sourceTree = "<group>"; };
		6A32495F25093FD600802F43 /* 13. Mohana Ter-ghata.jpg */ = {isa = PBXFileReference; lastKnownFileType = image.jpeg; path = "13. Mohana Ter-ghata.jpg"; sourceTree = "<group>"; };
		6A32496025093FD700802F43 /* 26. Bankebihari Temple.jpg */ = {isa = PBXFileReference; lastKnownFileType = image.jpeg; path = "26. Bankebihari Temple.jpg"; sourceTree = "<group>"; };
		6A32496125093FD700802F43 /* 65. Srinivasa Acarya's Samadhi.jpg */ = {isa = PBXFileReference; lastKnownFileType = image.jpeg; path = "65. Srinivasa Acarya's Samadhi.jpg"; sourceTree = "<group>"; };
		6A32496225093FD700802F43 /* 51. The entrance to Nidhuvana.jpg */ = {isa = PBXFileReference; lastKnownFileType = image.jpeg; path = "51. The entrance to Nidhuvana.jpg"; sourceTree = "<group>"; };
		6A6B671E25A773B7002F08FD /* 37. Andhera-ghata.jpg */ = {isa = PBXFileReference; lastKnownFileType = image.jpeg; path = "37. Andhera-ghata.jpg"; sourceTree = "<group>"; };
		6A6B672125A77552002F08FD /* 39. Syamananda Tilaka Sthana and Samadhe.jpg */ = {isa = PBXFileReference; lastKnownFileType = image.jpeg; path = "39. Syamananda Tilaka Sthana and Samadhe.jpg"; sourceTree = "<group>"; };
		6A6B672425A776DF002F08FD /* 40. Srngara Vata or Nityananda Vata.jpg */ = {isa = PBXFileReference; lastKnownFileType = image.jpeg; path = "40. Srngara Vata or Nityananda Vata.jpg"; sourceTree = "<group>"; };
		6A6B672725A777DB002F08FD /* 83. Gadadhara Dant Samadhi.jpg */ = {isa = PBXFileReference; lastKnownFileType = image.jpeg; path = "83. Gadadhara Dant Samadhi.jpg"; sourceTree = "<group>"; };
		6A6B672A25A77980002F08FD /* 67. Dhira Samira-ghata.jpg */ = {isa = PBXFileReference; lastKnownFileType = image.jpeg; path = "67. Dhira Samira-ghata.jpg"; sourceTree = "<group>"; };
		B7394862229F194000C47603 /* HP Navigator.app */ = {isa = PBXFileReference; explicitFileType = wrapper.application; includeInIndex = 0; path = "HP Navigator.app"; sourceTree = BUILT_PRODUCTS_DIR; };
		B7394865229F194000C47603 /* AppDelegate.swift */ = {isa = PBXFileReference; lastKnownFileType = sourcecode.swift; path = AppDelegate.swift; sourceTree = "<group>"; };
		B7394867229F194000C47603 /* SceneDelegate.swift */ = {isa = PBXFileReference; lastKnownFileType = sourcecode.swift; path = SceneDelegate.swift; sourceTree = "<group>"; };
		B7394869229F194000C47603 /* LandmarkDetail.swift */ = {isa = PBXFileReference; lastKnownFileType = sourcecode.swift; path = LandmarkDetail.swift; sourceTree = "<group>"; };
		B739486B229F194200C47603 /* Assets.xcassets */ = {isa = PBXFileReference; lastKnownFileType = folder.assetcatalog; path = Assets.xcassets; sourceTree = "<group>"; };
		B739486E229F194200C47603 /* Preview Assets.xcassets */ = {isa = PBXFileReference; lastKnownFileType = folder.assetcatalog; path = "Preview Assets.xcassets"; sourceTree = "<group>"; };
		B7394871229F194200C47603 /* Base */ = {isa = PBXFileReference; lastKnownFileType = file.storyboard; name = Base; path = Base.lproj/LaunchScreen.storyboard; sourceTree = "<group>"; };
		B7394873229F194200C47603 /* Info.plist */ = {isa = PBXFileReference; lastKnownFileType = text.plist.xml; path = Info.plist; sourceTree = "<group>"; };
		B7394879229F1B3F00C47603 /* CircleImage.swift */ = {isa = PBXFileReference; lastKnownFileType = sourcecode.swift; path = CircleImage.swift; sourceTree = "<group>"; };
		B739487B229F1B6800C47603 /* MapView.swift */ = {isa = PBXFileReference; lastKnownFileType = sourcecode.swift; path = MapView.swift; sourceTree = "<group>"; };
		B739487F229F28B900C47603 /* Landmark.swift */ = {isa = PBXFileReference; fileEncoding = 4; lastKnownFileType = sourcecode.swift; path = Landmark.swift; sourceTree = "<group>"; };
		B7394880229F28B900C47603 /* Data.swift */ = {isa = PBXFileReference; fileEncoding = 4; lastKnownFileType = sourcecode.swift; path = Data.swift; sourceTree = "<group>"; };
		B7394884229F292D00C47603 /* rainbowlake.jpg */ = {isa = PBXFileReference; lastKnownFileType = image.jpeg; path = rainbowlake.jpg; sourceTree = "<group>"; };
		B7394885229F292D00C47603 /* yukon_charleyrivers.jpg */ = {isa = PBXFileReference; lastKnownFileType = image.jpeg; path = yukon_charleyrivers.jpg; sourceTree = "<group>"; };
		B7394886229F292E00C47603 /* icybay.jpg */ = {isa = PBXFileReference; lastKnownFileType = image.jpeg; path = icybay.jpg; sourceTree = "<group>"; };
		B7394887229F292E00C47603 /* lakemcdonald.jpg */ = {isa = PBXFileReference; lastKnownFileType = image.jpeg; path = lakemcdonald.jpg; sourceTree = "<group>"; };
		B7394888229F292E00C47603 /* turtlerock.jpg */ = {isa = PBXFileReference; lastKnownFileType = image.jpeg; path = turtlerock.jpg; sourceTree = "<group>"; };
		B7394889229F292E00C47603 /* umbagog.jpg */ = {isa = PBXFileReference; lastKnownFileType = image.jpeg; path = umbagog.jpg; sourceTree = "<group>"; };
		B739488A229F292E00C47603 /* hiddenlake.jpg */ = {isa = PBXFileReference; lastKnownFileType = image.jpeg; path = hiddenlake.jpg; sourceTree = "<group>"; };
		B739488B229F292E00C47603 /* stmarylake.jpg */ = {isa = PBXFileReference; lastKnownFileType = image.jpeg; path = stmarylake.jpg; sourceTree = "<group>"; };
		B739488C229F292E00C47603 /* twinlake.jpg */ = {isa = PBXFileReference; lastKnownFileType = image.jpeg; path = twinlake.jpg; sourceTree = "<group>"; };
		B739488D229F292E00C47603 /* silversalmoncreek.jpg */ = {isa = PBXFileReference; lastKnownFileType = image.jpeg; path = silversalmoncreek.jpg; sourceTree = "<group>"; };
		B739488E229F292E00C47603 /* landmarkData.json */ = {isa = PBXFileReference; fileEncoding = 4; lastKnownFileType = text.json; path = landmarkData.json; sourceTree = "<group>"; };
		B739488F229F292F00C47603 /* chincoteague.jpg */ = {isa = PBXFileReference; lastKnownFileType = image.jpeg; path = chincoteague.jpg; sourceTree = "<group>"; };
		B7394890229F292F00C47603 /* chilkoottrail.jpg */ = {isa = PBXFileReference; lastKnownFileType = image.jpeg; path = chilkoottrail.jpg; sourceTree = "<group>"; };
		B739489E229F2D9700C47603 /* LandmarkRow.swift */ = {isa = PBXFileReference; lastKnownFileType = sourcecode.swift; name = LandmarkRow.swift; path = "Supporting Views/LandmarkRow.swift"; sourceTree = "<group>"; };
		B73948A0229F2E1F00C47603 /* LandmarkList.swift */ = {isa = PBXFileReference; lastKnownFileType = sourcecode.swift; path = LandmarkList.swift; sourceTree = "<group>"; };
		C4E4AAA0C4E4035000000001 /* README.md */ = {isa = PBXFileReference; lastKnownFileType = net.daringfireball.markdown; name = README.md; path = ../README.md; sourceTree = "<group>"; };
		FB75835CADF255844DAD0DAD /* SampleCode.xcconfig */ = {isa = PBXFileReference; lastKnownFileType = text.xcconfig; name = SampleCode.xcconfig; path = ../Configuration/SampleCode.xcconfig; sourceTree = "<group>"; };
/* End PBXFileReference section */

/* Begin PBXFrameworksBuildPhase section */
		B739485F229F194000C47603 /* Frameworks */ = {
			isa = PBXFrameworksBuildPhase;
			buildActionMask = 2147483647;
			files = (
			);
			runOnlyForDeploymentPostprocessing = 0;
		};
/* End PBXFrameworksBuildPhase section */

/* Begin PBXGroup section */
		0BA6BB22EC06EFBEA60A948C /* Configuration */ = {
			isa = PBXGroup;
			children = (
				FB75835CADF255844DAD0DAD /* SampleCode.xcconfig */,
			);
			name = Configuration;
			sourceTree = "<group>";
		};
		210CBA1CD0F2559FBC78D82D /* LICENSE */ = {
			isa = PBXGroup;
			children = (
				32C0591524A7452A1B7C1DE3 /* LICENSE.txt */,
			);
			name = LICENSE;
			path = ../LICENSE;
			sourceTree = "<group>";
		};
		B7394859229F194000C47603 = {
			isa = PBXGroup;
			children = (
				C4E4AAA0C4E4035000000001 /* README.md */,
				B7394864229F194000C47603 /* Landmarks */,
				B7394863229F194000C47603 /* Products */,
				0BA6BB22EC06EFBEA60A948C /* Configuration */,
				210CBA1CD0F2559FBC78D82D /* LICENSE */,
			);
			sourceTree = "<group>";
		};
		B7394863229F194000C47603 /* Products */ = {
			isa = PBXGroup;
			children = (
				B7394862229F194000C47603 /* HP Navigator.app */,
			);
			name = Products;
			sourceTree = "<group>";
		};
		B7394864229F194000C47603 /* Landmarks */ = {
			isa = PBXGroup;
			children = (
				B739487E229F282200C47603 /* Models */,
				B7394865229F194000C47603 /* AppDelegate.swift */,
				B7394867229F194000C47603 /* SceneDelegate.swift */,
				B73948A0229F2E1F00C47603 /* LandmarkList.swift */,
				B739489E229F2D9700C47603 /* LandmarkRow.swift */,
				B7394869229F194000C47603 /* LandmarkDetail.swift */,
				B739487D229F1C0100C47603 /* Supporting Views */,
				B7394883229F291A00C47603 /* Resources */,
				B739486B229F194200C47603 /* Assets.xcassets */,
				B7394870229F194200C47603 /* LaunchScreen.storyboard */,
				B7394873229F194200C47603 /* Info.plist */,
				B739486D229F194200C47603 /* Preview Content */,
			);
			path = Landmarks;
			sourceTree = "<group>";
		};
		B739486D229F194200C47603 /* Preview Content */ = {
			isa = PBXGroup;
			children = (
				B739486E229F194200C47603 /* Preview Assets.xcassets */,
			);
			path = "Preview Content";
			sourceTree = "<group>";
		};
		B739487D229F1C0100C47603 /* Supporting Views */ = {
			isa = PBXGroup;
			children = (
				B7394879229F1B3F00C47603 /* CircleImage.swift */,
				B739487B229F1B6800C47603 /* MapView.swift */,
			);
			path = "Supporting Views";
			sourceTree = "<group>";
		};
		B739487E229F282200C47603 /* Models */ = {
			isa = PBXGroup;
			children = (
				B7394880229F28B900C47603 /* Data.swift */,
				B739487F229F28B900C47603 /* Landmark.swift */,
			);
			path = Models;
			sourceTree = "<group>";
		};
		B7394883229F291A00C47603 /* Resources */ = {
			isa = PBXGroup;
			children = (
				6A32491825093E0800802F43 /* 1. Radha-Madana-mohana temple.jpg */,
				6A32491525093E0700802F43 /* 2. Radha-Govinda.jpg */,
				6A32491725093E0800802F43 /* 3. Radha Gopenatha in Vrindavana.jpg */,
				6A32491625093E0800802F43 /* 4. Radha-Damodara in Vrindavana.jpg */,
				6A32491325093E0700802F43 /* 5. Radha-Ramana.jpg */,
				6A32491225093E0700802F43 /* 6. Radha-Gokulananda.jpg */,
				6A32491425093E0700802F43 /* 7. Radha Syamasundara.jpg */,
				6A32492325093FBB00802F43 /* 8. Krsna-Balarama.jpg */,
				6A32494A25093FD000802F43 /* 9. Krsna-Balarama Tree.jpg */,
				6A32494325093FCD00802F43 /* 10 and 12. The altar at the Varaha Temple.jpg */,
				6A32495F25093FD600802F43 /* 13. Mohana Ter-ghata.jpg */,
				6A32494025093FCD00802F43 /* 14. The Deities at Kallya-ghata.jpg */,
				6A32493225093FC000802F43 /* 15. Prabodhananda Sarasvati's samadhi.jpg */,
				6A32492225093FBB00802F43 /* 16. Davanala-kunda.jpg */,
				6A32495825093FD400802F43 /* 17. Visrama-kunda.jpg */,
				6A32492825093FBD00802F43 /* 18. Jaipur Temple.jpg */,
				6A32494125093FCD00802F43 /* 19. Taras Temple.jpg */,
				6A32493C25093FCB00802F43 /* 20. Kaliya Mardana Temple.jpg */,
				6A32495525093FD300802F43 /* 21. Gopala-ghata. Radha Madan-gopala at Advaita Vata.jpg */,
				6A32494525093FCE00802F43 /* 24. The entrance at Advaita Vata.jpg */,
				6A32495B25093FD500802F43 /* 25. Asta-sakhi Temple.jpg */,
				6A32496025093FD700802F43 /* 26. Bankebihari Temple.jpg */,
				6A32494E25093FD100802F43 /* 27. Radha-Vallabha Temple.jpg */,
				6A32492F25093FBF00802F43 /* 28. Lord Nrsimhadeva.jpg */,
				6A32495125093FD200802F43 /* 29. Bhattaji Temple.jpg */,
				6A32492C25093FBE00802F43 /* 29a. The Srimad-Bhagavatam of Raghunatha Bhatta  Gosvami, said to have been given to him by Lord Caitanya.jpg */,
				6A32495625093FD400802F43 /* 32. Imli Tala.jpg */,
				6A32495C25093FD600802F43 /* 33. Kisori-kunja and Seva-kunja.jpg */,
				6A32493D25093FCB00802F43 /* 34. Paurnamasi devi.jpg */,
				6A32493125093FC000802F43 /* 35a. Sitanatha (Advaita Acarya, the husband of Sita) with Sita in the Sitanatha Temple.jpg */,
				6A32493A25093FC600802F43 /* 35. Murari Gupta Gaura-Nitai Deities.jpg */,
				6A32492425093FBC00802F43 /* 36. Bankhandi Mahadeva.jpg */,
				6A6B671E25A773B7002F08FD /* 37. Andhera-ghata.jpg */,
				6A32495A25093FD500802F43 /* 38. The entrance to the Salagrama Temple.jpg */,
				6A6B672125A77552002F08FD /* 39. Syamananda Tilaka Sthana and Samadhe.jpg */,
				6A6B672425A776DF002F08FD /* 40. Srngara Vata or Nityananda Vata.jpg */,
				6A32495425093FD300802F43 /* 41. The entrance  Jaru Mandala.jpg */,
				6A32492A25093FBD00802F43 /* 42. The entrance to the Mirabai Temple.jpg */,
				6A32493625093FC100802F43 /* 43. The entrance to the Shahji Temple.jpg */,
				6A32494725093FCF00802F43 /* 44. Govinda-ghata.jpg */,
				6A32493325093FC000802F43 /* 45. The entrance to the Sadbhuja Mahaprabhu Temple.jpg */,
				6A32495D25093FD600802F43 /* 46. The entrance to the Vamsi Gopala Temple.jpg */,
				6A32492025093FBA00802F43 /* 47. Yugala Kisora Temple.jpg */,
				6A32493925093FC300802F43 /* 48. Cira-ghata.jpg */,
				6A32492725093FBC00802F43 /* 50. Kesi-ghata from Yamuna.jpg */,
				6A32496225093FD700802F43 /* 51. The entrance to Nidhuvana.jpg */,
				6A32492E25093FBF00802F43 /* 52. Sriji Temple.jpg */,
				6A32493725093FC200802F43 /* 53. Sona Gauranga Temple.jpg */,
				6A32492B25093FBE00802F43 /* 54. Amiya Nimai Temple.jpg */,
				6A32493425093FC100802F43 /* 55. Bilvamangala Thakura’s Samadhi.jpg */,
				6A32495225093FD200802F43 /* 56. Govinda-kunda.jpg */,
				6A32494825093FCF00802F43 /* 57. The 64 Samadhis Garden.jpg */,
				6A32492625093FBC00802F43 /* 58a. Kasisvara Pandita Gosvami.jpg */,
				6A32492D25093FBE00802F43 /* 58. Ranganatha Temple.jpg */,
				6A32493B25093FCA00802F43 /* 59. Brahma-kunda.jpg */,
				6A32492125093FBB00802F43 /* 60. Lal Babu Temple.jpg */,
				6A32495E25093FD600802F43 /* 61. Radha Gopala Temple.jpg */,
				6A32493025093FBF00802F43 /* 62. Gopesvara Mahadeva Temple.jpg */,
				6A32495725093FD400802F43 /* 63. Vamsivata.jpg */,
				6A32492925093FBD00802F43 /* 64. Radhakanta Temple of Gopala Guru Gosvami.jpg */,
				6A32496125093FD700802F43 /* 65. Srinivasa Acarya's Samadhi.jpg */,
				6A32494B25093FD000802F43 /* 66. Radha-Syamaraya Temple.jpg */,
				6A6B672A25A77980002F08FD /* 67. Dhira Samira-ghata.jpg */,
				6A32494925093FCF00802F43 /* 68. Yugala-Kisora Temple.jpg */,
				6A32493525093FC100802F43 /* 69. Jnana  Gudri.jpg */,
				6A32494C25093FD100802F43 /* 70. Radha-Braja-mohana Temple.jpg */,
				6A32493825093FC200802F43 /* 71. Tekari Rani Temple.jpg */,
				6A32494425093FCE00802F43 /* 72. Sudama Kuti.jpg */,
				6A32495025093FD200802F43 /* 73. Deity of Lord Rama at the Tulasi Rama Temple.jpg */,
				6A32494D25093FD100802F43 /* 74. The entrance to the Jagannatha-ghata Temple.jpg */,
				6A32495325093FD300802F43 /* 75. Katyayani Temple.jpg */,
				6A32494F25093FD200802F43 /* 76. Rangaji Gardens.jpg */,
				6A32492525093FBC00802F43 /* 77. Pani-ghata.jpg */,
				6A32493F25093FCC00802F43 /* 79. Raja-ghata.jpg */,
				6A32494625093FCF00802F43 /* 80. Caitanya Visrama Sthali.jpg */,
				6A32495925093FD500802F43 /* 81. Batharan Bihari Temple.jpg */,
				6A32493E25093FCC00802F43 /* 82. Akrura-ghata.jpg */,
				6A6B672725A777DB002F08FD /* 83. Gadadhara Dant Samadhi.jpg */,
				B739488E229F292E00C47603 /* landmarkData.json */,
				B7394890229F292F00C47603 /* chilkoottrail.jpg */,
				B739488F229F292F00C47603 /* chincoteague.jpg */,
				B739488A229F292E00C47603 /* hiddenlake.jpg */,
				B7394886229F292E00C47603 /* icybay.jpg */,
				B7394887229F292E00C47603 /* lakemcdonald.jpg */,
				B7394884229F292D00C47603 /* rainbowlake.jpg */,
				B739488D229F292E00C47603 /* silversalmoncreek.jpg */,
				B739488B229F292E00C47603 /* stmarylake.jpg */,
				B7394888229F292E00C47603 /* turtlerock.jpg */,
				B739488C229F292E00C47603 /* twinlake.jpg */,
				B7394889229F292E00C47603 /* umbagog.jpg */,
				B7394885229F292D00C47603 /* yukon_charleyrivers.jpg */,
			);
			path = Resources;
			sourceTree = "<group>";
		};
/* End PBXGroup section */

/* Begin PBXNativeTarget section */
		B7394861229F194000C47603 /* HP Navigator */ = {
			isa = PBXNativeTarget;
			buildConfigurationList = B7394876229F194200C47603 /* Build configuration list for PBXNativeTarget "HP Navigator" */;
			buildPhases = (
				B739485E229F194000C47603 /* Sources */,
				B739485F229F194000C47603 /* Frameworks */,
				B7394860229F194000C47603 /* Resources */,
			);
			buildRules = (
			);
			dependencies = (
			);
			name = "HP Navigator";
			productName = Landmarks;
			productReference = B7394862229F194000C47603 /* HP Navigator.app */;
			productType = "com.apple.product-type.application";
		};
/* End PBXNativeTarget section */

/* Begin PBXProject section */
		B739485A229F194000C47603 /* Project object */ = {
			isa = PBXProject;
			attributes = {
				LastSwiftUpdateCheck = 1100;
				LastUpgradeCheck = 1200;
				ORGANIZATIONNAME = Apple;
				TargetAttributes = {
					B7394861229F194000C47603 = {
						CreatedOnToolsVersion = 11.0;
					};
				};
			};
			buildConfigurationList = B739485D229F194000C47603 /* Build configuration list for PBXProject "BuildingListsAndNavigation" */;
			compatibilityVersion = "Xcode 9.3";
			developmentRegion = en;
			hasScannedForEncodings = 0;
			knownRegions = (
				en,
				Base,
			);
			mainGroup = B7394859229F194000C47603;
			productRefGroup = B7394863229F194000C47603 /* Products */;
			projectDirPath = "";
			projectRoot = "";
			targets = (
				B7394861229F194000C47603 /* HP Navigator */,
			);
		};
/* End PBXProject section */

/* Begin PBXResourcesBuildPhase section */
		B7394860229F194000C47603 /* Resources */ = {
			isa = PBXResourcesBuildPhase;
			buildActionMask = 2147483647;
			files = (
				6A32498025093FD800802F43 /* 34. Paurnamasi devi.jpg in Resources */,
				6A32496825093FD700802F43 /* 77. Pani-ghata.jpg in Resources */,
				6A32496725093FD700802F43 /* 36. Bankhandi Mahadeva.jpg in Resources */,
				B739489A229F292F00C47603 /* silversalmoncreek.jpg in Resources */,
				6A3249A225093FD800802F43 /* 13. Mohana Ter-ghata.jpg in Resources */,
				6A32491D25093E0800802F43 /* 4. Radha-Damodara in Vrindavana.jpg in Resources */,
				6A32497725093FD800802F43 /* 55. Bilvamangala Thakura’s Samadhi.jpg in Resources */,
				6A32498725093FD800802F43 /* 72. Sudama Kuti.jpg in Resources */,
				6A32499825093FD800802F43 /* 21. Gopala-ghata. Radha Madan-gopala at Advaita Vata.jpg in Resources */,
				6A32499025093FD800802F43 /* 74. The entrance to the Jagannatha-ghata Temple.jpg in Resources */,
				6A32496F25093FD800802F43 /* 29a. The Srimad-Bhagavatam of Raghunatha Bhatta  Gosvami, said to have been given to him by Lord Caitanya.jpg in Resources */,
				6A6B672B25A77980002F08FD /* 67. Dhira Samira-ghata.jpg in Resources */,
				6A32498E25093FD800802F43 /* 66. Radha-Syamaraya Temple.jpg in Resources */,
				B7394894229F292F00C47603 /* lakemcdonald.jpg in Resources */,
				6A32498125093FD800802F43 /* 82. Akrura-ghata.jpg in Resources */,
				6A32497925093FD800802F43 /* 43. The entrance to the Shahji Temple.jpg in Resources */,
				6A32497C25093FD800802F43 /* 48. Cira-ghata.jpg in Resources */,
				6A32491A25093E0800802F43 /* 5. Radha-Ramana.jpg in Resources */,
				6A32497325093FD800802F43 /* 62. Gopesvara Mahadeva Temple.jpg in Resources */,
				6A32491B25093E0800802F43 /* 7. Radha Syamasundara.jpg in Resources */,
				6A32499625093FD800802F43 /* 75. Katyayani Temple.jpg in Resources */,
				6A32499C25093FD800802F43 /* 81. Batharan Bihari Temple.jpg in Resources */,
				6A32497A25093FD800802F43 /* 53. Sona Gauranga Temple.jpg in Resources */,
				B7394872229F194200C47603 /* LaunchScreen.storyboard in Resources */,
				6A3249A425093FD800802F43 /* 65. Srinivasa Acarya's Samadhi.jpg in Resources */,
				6A32499925093FD800802F43 /* 32. Imli Tala.jpg in Resources */,
				6A32498C25093FD800802F43 /* 68. Yugala-Kisora Temple.jpg in Resources */,
				6A32499D25093FD800802F43 /* 38. The entrance to the Salagrama Temple.jpg in Resources */,
				6A32496625093FD700802F43 /* 8. Krsna-Balarama.jpg in Resources */,
				B7394891229F292F00C47603 /* rainbowlake.jpg in Resources */,
				B739486F229F194200C47603 /* Preview Assets.xcassets in Resources */,
				6A32499225093FD800802F43 /* 76. Rangaji Gardens.jpg in Resources */,
				6A32497625093FD800802F43 /* 45. The entrance to the Sadbhuja Mahaprabhu Temple.jpg in Resources */,
				6A32497B25093FD800802F43 /* 71. Tekari Rani Temple.jpg in Resources */,
				6A32499B25093FD800802F43 /* 17. Visrama-kunda.jpg in Resources */,
				6A32498A25093FD800802F43 /* 44. Govinda-ghata.jpg in Resources */,
				6A32499125093FD800802F43 /* 27. Radha-Vallabha Temple.jpg in Resources */,
				6A32498F25093FD800802F43 /* 70. Radha-Braja-mohana Temple.jpg in Resources */,
				6A32496925093FD700802F43 /* 58a. Kasisvara Pandita Gosvami.jpg in Resources */,
				6A32497425093FD800802F43 /* 35a. Sitanatha (Advaita Acarya, the husband of Sita) with Sita in the Sitanatha Temple.jpg in Resources */,
				6A32497025093FD800802F43 /* 58. Ranganatha Temple.jpg in Resources */,
				6A3249A025093FD800802F43 /* 46. The entrance to the Vamsi Gopala Temple.jpg in Resources */,
				6A3249A125093FD800802F43 /* 61. Radha Gopala Temple.jpg in Resources */,
				6A32496325093FD700802F43 /* 47. Yugala Kisora Temple.jpg in Resources */,
				6A32499325093FD800802F43 /* 73. Deity of Lord Rama at the Tulasi Rama Temple.jpg in Resources */,
				6A32496D25093FD800802F43 /* 42. The entrance to the Mirabai Temple.jpg in Resources */,
				6A32499F25093FD800802F43 /* 33. Kisori-kunja and Seva-kunja.jpg in Resources */,
				6A32496B25093FD700802F43 /* 18. Jaipur Temple.jpg in Resources */,
				6A32491E25093E0800802F43 /* 3. Radha Gopenatha in Vrindavana.jpg in Resources */,
				6A32497D25093FD800802F43 /* 35. Murari Gupta Gaura-Nitai Deities.jpg in Resources */,
				6A32497E25093FD800802F43 /* 59. Brahma-kunda.jpg in Resources */,
				6A6B672225A77552002F08FD /* 39. Syamananda Tilaka Sthana and Samadhe.jpg in Resources */,
				6A3249A525093FD800802F43 /* 51. The entrance to Nidhuvana.jpg in Resources */,
				6A32498825093FD800802F43 /* 24. The entrance at Advaita Vata.jpg in Resources */,
				6A32498925093FD800802F43 /* 80. Caitanya Visrama Sthali.jpg in Resources */,
				6A6B671F25A773B7002F08FD /* 37. Andhera-ghata.jpg in Resources */,
				6A32498625093FD800802F43 /* 10 and 12. The altar at the Varaha Temple.jpg in Resources */,
				6A6B672825A777DB002F08FD /* 83. Gadadhara Dant Samadhi.jpg in Resources */,
				6A32497525093FD800802F43 /* 15. Prabodhananda Sarasvati's samadhi.jpg in Resources */,
				6A3249A325093FD800802F43 /* 26. Bankebihari Temple.jpg in Resources */,
				B7394895229F292F00C47603 /* turtlerock.jpg in Resources */,
				6A32498D25093FD800802F43 /* 9. Krsna-Balarama Tree.jpg in Resources */,
				6A32491C25093E0800802F43 /* 2. Radha-Govinda.jpg in Resources */,
				6A32496525093FD700802F43 /* 16. Davanala-kunda.jpg in Resources */,
				6A32499525093FD800802F43 /* 56. Govinda-kunda.jpg in Resources */,
				6A32491925093E0800802F43 /* 6. Radha-Gokulananda.jpg in Resources */,
				B739486C229F194200C47603 /* Assets.xcassets in Resources */,
				B7394899229F292F00C47603 /* twinlake.jpg in Resources */,
				6A6B672525A776DF002F08FD /* 40. Srngara Vata or Nityananda Vata.jpg in Resources */,
				B7394896229F292F00C47603 /* umbagog.jpg in Resources */,
				6A32499E25093FD800802F43 /* 25. Asta-sakhi Temple.jpg in Resources */,
				6A32499725093FD800802F43 /* 41. The entrance  Jaru Mandala.jpg in Resources */,
				6A32497225093FD800802F43 /* 28. Lord Nrsimhadeva.jpg in Resources */,
				B739489D229F292F00C47603 /* chilkoottrail.jpg in Resources */,
				6A32498B25093FD800802F43 /* 57. The 64 Samadhis Garden.jpg in Resources */,
				B739489C229F292F00C47603 /* chincoteague.jpg in Resources */,
				B739489B229F292F00C47603 /* landmarkData.json in Resources */,
				6A32498425093FD800802F43 /* 19. Taras Temple.jpg in Resources */,
				6A32498225093FD800802F43 /* 79. Raja-ghata.jpg in Resources */,
				B7394893229F292F00C47603 /* icybay.jpg in Resources */,
				B7394897229F292F00C47603 /* hiddenlake.jpg in Resources */,
				B7394898229F292F00C47603 /* stmarylake.jpg in Resources */,
				6A32496425093FD700802F43 /* 60. Lal Babu Temple.jpg in Resources */,
				B7394892229F292F00C47603 /* yukon_charleyrivers.jpg in Resources */,
				6A32497125093FD800802F43 /* 52. Sriji Temple.jpg in Resources */,
				6A32499A25093FD800802F43 /* 63. Vamsivata.jpg in Resources */,
				6A32497F25093FD800802F43 /* 20. Kaliya Mardana Temple.jpg in Resources */,
				6A32498325093FD800802F43 /* 14. The Deities at Kallya-ghata.jpg in Resources */,
				6A32499425093FD800802F43 /* 29. Bhattaji Temple.jpg in Resources */,
				6A32496E25093FD800802F43 /* 54. Amiya Nimai Temple.jpg in Resources */,
				6A32497825093FD800802F43 /* 69. Jnana  Gudri.jpg in Resources */,
				6A32491F25093E0800802F43 /* 1. Radha-Madana-mohana temple.jpg in Resources */,
				6A32496A25093FD700802F43 /* 50. Kesi-ghata from Yamuna.jpg in Resources */,
				6A32496C25093FD800802F43 /* 64. Radhakanta Temple of Gopala Guru Gosvami.jpg in Resources */,
			);
			runOnlyForDeploymentPostprocessing = 0;
		};
/* End PBXResourcesBuildPhase section */

/* Begin PBXSourcesBuildPhase section */
		B739485E229F194000C47603 /* Sources */ = {
			isa = PBXSourcesBuildPhase;
			buildActionMask = 2147483647;
			files = (
				B7394882229F28B900C47603 /* Data.swift in Sources */,
				B7394866229F194000C47603 /* AppDelegate.swift in Sources */,
				B739487A229F1B3F00C47603 /* CircleImage.swift in Sources */,
				B739487C229F1B6800C47603 /* MapView.swift in Sources */,
				B73948A1229F2E1F00C47603 /* LandmarkList.swift in Sources */,
				B7394868229F194000C47603 /* SceneDelegate.swift in Sources */,
				B739486A229F194000C47603 /* LandmarkDetail.swift in Sources */,
				B739489F229F2D9700C47603 /* LandmarkRow.swift in Sources */,
				B7394881229F28B900C47603 /* Landmark.swift in Sources */,
			);
			runOnlyForDeploymentPostprocessing = 0;
		};
/* End PBXSourcesBuildPhase section */

/* Begin PBXVariantGroup section */
		B7394870229F194200C47603 /* LaunchScreen.storyboard */ = {
			isa = PBXVariantGroup;
			children = (
				B7394871229F194200C47603 /* Base */,
			);
			name = LaunchScreen.storyboard;
			sourceTree = "<group>";
		};
/* End PBXVariantGroup section */

/* Begin XCBuildConfiguration section */
		B7394874229F194200C47603 /* Debug */ = {
			isa = XCBuildConfiguration;
			baseConfigurationReference = FB75835CADF255844DAD0DAD /* SampleCode.xcconfig */;
			buildSettings = {
				ALWAYS_SEARCH_USER_PATHS = NO;
				CLANG_ANALYZER_NONNULL = YES;
				CLANG_ANALYZER_NUMBER_OBJECT_CONVERSION = YES_AGGRESSIVE;
				CLANG_CXX_LANGUAGE_STANDARD = "gnu++14";
				CLANG_CXX_LIBRARY = "libc++";
				CLANG_ENABLE_MODULES = YES;
				CLANG_ENABLE_OBJC_ARC = YES;
				CLANG_ENABLE_OBJC_WEAK = YES;
				CLANG_WARN_BLOCK_CAPTURE_AUTORELEASING = YES;
				CLANG_WARN_BOOL_CONVERSION = YES;
				CLANG_WARN_COMMA = YES;
				CLANG_WARN_CONSTANT_CONVERSION = YES;
				CLANG_WARN_DEPRECATED_OBJC_IMPLEMENTATIONS = YES;
				CLANG_WARN_DIRECT_OBJC_ISA_USAGE = YES_ERROR;
				CLANG_WARN_DOCUMENTATION_COMMENTS = YES;
				CLANG_WARN_EMPTY_BODY = YES;
				CLANG_WARN_ENUM_CONVERSION = YES;
				CLANG_WARN_INFINITE_RECURSION = YES;
				CLANG_WARN_INT_CONVERSION = YES;
				CLANG_WARN_NON_LITERAL_NULL_CONVERSION = YES;
				CLANG_WARN_OBJC_IMPLICIT_RETAIN_SELF = YES;
				CLANG_WARN_OBJC_LITERAL_CONVERSION = YES;
				CLANG_WARN_OBJC_ROOT_CLASS = YES_ERROR;
				CLANG_WARN_QUOTED_INCLUDE_IN_FRAMEWORK_HEADER = YES;
				CLANG_WARN_RANGE_LOOP_ANALYSIS = YES;
				CLANG_WARN_STRICT_PROTOTYPES = YES;
				CLANG_WARN_SUSPICIOUS_MOVE = YES;
				CLANG_WARN_UNGUARDED_AVAILABILITY = YES_AGGRESSIVE;
				CLANG_WARN_UNREACHABLE_CODE = YES;
				CLANG_WARN__DUPLICATE_METHOD_MATCH = YES;
				COPY_PHASE_STRIP = NO;
				DEBUG_INFORMATION_FORMAT = dwarf;
				ENABLE_STRICT_OBJC_MSGSEND = YES;
				ENABLE_TESTABILITY = YES;
				GCC_C_LANGUAGE_STANDARD = gnu11;
				GCC_DYNAMIC_NO_PIC = NO;
				GCC_NO_COMMON_BLOCKS = YES;
				GCC_OPTIMIZATION_LEVEL = 0;
				GCC_PREPROCESSOR_DEFINITIONS = (
					"DEBUG=1",
					"$(inherited)",
				);
				GCC_WARN_64_TO_32_BIT_CONVERSION = YES;
				GCC_WARN_ABOUT_RETURN_TYPE = YES_ERROR;
				GCC_WARN_UNDECLARED_SELECTOR = YES;
				GCC_WARN_UNINITIALIZED_AUTOS = YES_AGGRESSIVE;
				GCC_WARN_UNUSED_FUNCTION = YES;
				GCC_WARN_UNUSED_VARIABLE = YES;
				IPHONEOS_DEPLOYMENT_TARGET = 13.0;
				MTL_ENABLE_DEBUG_INFO = INCLUDE_SOURCE;
				MTL_FAST_MATH = YES;
				ONLY_ACTIVE_ARCH = YES;
				SDKROOT = iphoneos;
				SWIFT_ACTIVE_COMPILATION_CONDITIONS = DEBUG;
				SWIFT_OPTIMIZATION_LEVEL = "-Onone";
			};
			name = Debug;
		};
		B7394875229F194200C47603 /* Release */ = {
			isa = XCBuildConfiguration;
			baseConfigurationReference = FB75835CADF255844DAD0DAD /* SampleCode.xcconfig */;
			buildSettings = {
				ALWAYS_SEARCH_USER_PATHS = NO;
				CLANG_ANALYZER_NONNULL = YES;
				CLANG_ANALYZER_NUMBER_OBJECT_CONVERSION = YES_AGGRESSIVE;
				CLANG_CXX_LANGUAGE_STANDARD = "gnu++14";
				CLANG_CXX_LIBRARY = "libc++";
				CLANG_ENABLE_MODULES = YES;
				CLANG_ENABLE_OBJC_ARC = YES;
				CLANG_ENABLE_OBJC_WEAK = YES;
				CLANG_WARN_BLOCK_CAPTURE_AUTORELEASING = YES;
				CLANG_WARN_BOOL_CONVERSION = YES;
				CLANG_WARN_COMMA = YES;
				CLANG_WARN_CONSTANT_CONVERSION = YES;
				CLANG_WARN_DEPRECATED_OBJC_IMPLEMENTATIONS = YES;
				CLANG_WARN_DIRECT_OBJC_ISA_USAGE = YES_ERROR;
				CLANG_WARN_DOCUMENTATION_COMMENTS = YES;
				CLANG_WARN_EMPTY_BODY = YES;
				CLANG_WARN_ENUM_CONVERSION = YES;
				CLANG_WARN_INFINITE_RECURSION = YES;
				CLANG_WARN_INT_CONVERSION = YES;
				CLANG_WARN_NON_LITERAL_NULL_CONVERSION = YES;
				CLANG_WARN_OBJC_IMPLICIT_RETAIN_SELF = YES;
				CLANG_WARN_OBJC_LITERAL_CONVERSION = YES;
				CLANG_WARN_OBJC_ROOT_CLASS = YES_ERROR;
				CLANG_WARN_QUOTED_INCLUDE_IN_FRAMEWORK_HEADER = YES;
				CLANG_WARN_RANGE_LOOP_ANALYSIS = YES;
				CLANG_WARN_STRICT_PROTOTYPES = YES;
				CLANG_WARN_SUSPICIOUS_MOVE = YES;
				CLANG_WARN_UNGUARDED_AVAILABILITY = YES_AGGRESSIVE;
				CLANG_WARN_UNREACHABLE_CODE = YES;
				CLANG_WARN__DUPLICATE_METHOD_MATCH = YES;
				COPY_PHASE_STRIP = NO;
				DEBUG_INFORMATION_FORMAT = "dwarf-with-dsym";
				ENABLE_NS_ASSERTIONS = NO;
				ENABLE_STRICT_OBJC_MSGSEND = YES;
				GCC_C_LANGUAGE_STANDARD = gnu11;
				GCC_NO_COMMON_BLOCKS = YES;
				GCC_WARN_64_TO_32_BIT_CONVERSION = YES;
				GCC_WARN_ABOUT_RETURN_TYPE = YES_ERROR;
				GCC_WARN_UNDECLARED_SELECTOR = YES;
				GCC_WARN_UNINITIALIZED_AUTOS = YES_AGGRESSIVE;
				GCC_WARN_UNUSED_FUNCTION = YES;
				GCC_WARN_UNUSED_VARIABLE = YES;
				IPHONEOS_DEPLOYMENT_TARGET = 13.0;
				MTL_ENABLE_DEBUG_INFO = NO;
				MTL_FAST_MATH = YES;
				SDKROOT = iphoneos;
				SWIFT_COMPILATION_MODE = wholemodule;
				SWIFT_OPTIMIZATION_LEVEL = "-O";
				VALIDATE_PRODUCT = YES;
			};
			name = Release;
		};
		B7394877229F194200C47603 /* Debug */ = {
			isa = XCBuildConfiguration;
			baseConfigurationReference = FB75835CADF255844DAD0DAD /* SampleCode.xcconfig */;
			buildSettings = {
				ASSETCATALOG_COMPILER_APPICON_NAME = AppIcon;
				CODE_SIGN_STYLE = Automatic;
				DEVELOPMENT_ASSET_PATHS = "Landmarks/Preview\\ Content";
				DEVELOPMENT_TEAM = 644G98975D;
				ENABLE_PREVIEWS = YES;
				INFOPLIST_FILE = Landmarks/Info.plist;
				LD_RUNPATH_SEARCH_PATHS = (
					"$(inherited)",
					"@executable_path/Frameworks",
				);
				MARKETING_VERSION = 0.1.1;
				PRODUCT_BUNDLE_IDENTIFIER = com.damodara.HPNavigator;
				PRODUCT_NAME = "HP Navigator";
				PROVISIONING_PROFILE_SPECIFIER = "";
				SWIFT_VERSION = 5.0;
				TARGETED_DEVICE_FAMILY = "1,2";
			};
			name = Debug;
		};
		B7394878229F194200C47603 /* Release */ = {
			isa = XCBuildConfiguration;
			baseConfigurationReference = FB75835CADF255844DAD0DAD /* SampleCode.xcconfig */;
			buildSettings = {
				ASSETCATALOG_COMPILER_APPICON_NAME = AppIcon;
				CODE_SIGN_STYLE = Automatic;
				DEVELOPMENT_ASSET_PATHS = "Landmarks/Preview\\ Content";
				DEVELOPMENT_TEAM = 644G98975D;
				ENABLE_PREVIEWS = YES;
				INFOPLIST_FILE = Landmarks/Info.plist;
				LD_RUNPATH_SEARCH_PATHS = (
					"$(inherited)",
					"@executable_path/Frameworks",
				);
				MARKETING_VERSION = 0.1.1;
				PRODUCT_BUNDLE_IDENTIFIER = com.damodara.HPNavigator;
				PRODUCT_NAME = "HP Navigator";
				PROVISIONING_PROFILE_SPECIFIER = "";
				SWIFT_VERSION = 5.0;
				TARGETED_DEVICE_FAMILY = "1,2";
			};
			name = Release;
		};
/* End XCBuildConfiguration section */

/* Begin XCConfigurationList section */
		B739485D229F194000C47603 /* Build configuration list for PBXProject "BuildingListsAndNavigation" */ = {
			isa = XCConfigurationList;
			buildConfigurations = (
				B7394874229F194200C47603 /* Debug */,
				B7394875229F194200C47603 /* Release */,
			);
			defaultConfigurationIsVisible = 0;
			defaultConfigurationName = Release;
		};
		B7394876229F194200C47603 /* Build configuration list for PBXNativeTarget "HP Navigator" */ = {
			isa = XCConfigurationList;
			buildConfigurations = (
				B7394877229F194200C47603 /* Debug */,
				B7394878229F194200C47603 /* Release */,
			);
			defaultConfigurationIsVisible = 0;
			defaultConfigurationName = Release;
		};
/* End XCConfigurationList section */
	};
	rootObject = B739485A229F194000C47603 /* Project object */;
}
